// !$*UTF8*$!
{
	archiveVersion = 1;
	classes = {
	};
	objectVersion = 46;
	objects = {

/* Begin PBXBuildFile section */
		040B402F2407C8A60025E719 /* Main.storyboard in Resources */ = {isa = PBXBuildFile; fileRef = 040B402E2407C8A60025E719 /* Main.storyboard */; };
		042B9F452458D5BE00359EFC /* User.swift in Sources */ = {isa = PBXBuildFile; fileRef = 042B9F442458D5BE00359EFC /* User.swift */; };
		042B9F472458D9A500359EFC /* REGISTRATE.swift in Sources */ = {isa = PBXBuildFile; fileRef = 042B9F462458D9A500359EFC /* REGISTRATE.swift */; };
		04D5A4B2240527CA00B9B98E /* Utilities.swift in Sources */ = {isa = PBXBuildFile; fileRef = 04D5A4B1240527CA00B9B98E /* Utilities.swift */; };
		04DB002D24040DD1008A17B9 /* INICIARSESION.swift in Sources */ = {isa = PBXBuildFile; fileRef = 04DB002C24040DD1008A17B9 /* INICIARSESION.swift */; };
		04DB002F24042B41008A17B9 /* HOME.swift in Sources */ = {isa = PBXBuildFile; fileRef = 04DB002E24042B41008A17B9 /* HOME.swift */; };
		04DB003124043039008A17B9 /* GoogleService-Info.plist in Resources */ = {isa = PBXBuildFile; fileRef = 04DB003024043039008A17B9 /* GoogleService-Info.plist */; };
		04E4EE8F24091E7B00D0EBC2 /* PERFIL.swift in Sources */ = {isa = PBXBuildFile; fileRef = 04E4EE8E24091E7B00D0EBC2 /* PERFIL.swift */; };
		04E72740240BC05400933764 /* HISTORIAL.swift in Sources */ = {isa = PBXBuildFile; fileRef = 04E7273F240BC05400933764 /* HISTORIAL.swift */; };
		04E7274B240EFFA000933764 /* AppDelegate.swift in Sources */ = {isa = PBXBuildFile; fileRef = 04E7274A240EFF9F00933764 /* AppDelegate.swift */; };
		180924821EF33DE2007CF38F /* MulticolorPolyline.swift in Sources */ = {isa = PBXBuildFile; fileRef = 180924811EF33DE2007CF38F /* MulticolorPolyline.swift */; };
		18350CE81E882A860054E1C6 /* StoryboardSupport.swift in Sources */ = {isa = PBXBuildFile; fileRef = 18350CE71E882A860054E1C6 /* StoryboardSupport.swift */; };
		187AF99D1EF2F78500C2B8E7 /* UnitExtensions.swift in Sources */ = {isa = PBXBuildFile; fileRef = 187AF99C1EF2F78500C2B8E7 /* UnitExtensions.swift */; };
		187AF9A71EF2FC1200C2B8E7 /* FormatDisplay.swift in Sources */ = {isa = PBXBuildFile; fileRef = 187AF9A61EF2FC1200C2B8E7 /* FormatDisplay.swift */; };
		187AF9A91EF3170700C2B8E7 /* LocationManager.swift in Sources */ = {isa = PBXBuildFile; fileRef = 187AF9A81EF3170700C2B8E7 /* LocationManager.swift */; };
		18888DCB1E7F0FA80038A3AF /* RunTracker.xcdatamodeld in Sources */ = {isa = PBXBuildFile; fileRef = 18888DC91E7F0FA80038A3AF /* RunTracker.xcdatamodeld */; };
		18888DCD1E7F0FA80038A3AF /* Assets.xcassets in Resources */ = {isa = PBXBuildFile; fileRef = 18888DCC1E7F0FA80038A3AF /* Assets.xcassets */; };
		18888DD01E7F0FA80038A3AF /* LaunchScreen.storyboard in Resources */ = {isa = PBXBuildFile; fileRef = 18888DCE1E7F0FA80038A3AF /* LaunchScreen.storyboard */; };
		18888DD91E7F1D940038A3AF /* CoreDataStack.swift in Sources */ = {isa = PBXBuildFile; fileRef = 18888DD81E7F1D940038A3AF /* CoreDataStack.swift */; };
		18CF26EF1E80291E0097F88C /* ENTRENO.swift in Sources */ = {isa = PBXBuildFile; fileRef = 18CF26EE1E80291E0097F88C /* ENTRENO.swift */; };
		18CF26F11E80292C0097F88C /* ENTRENOdetalles.swift in Sources */ = {isa = PBXBuildFile; fileRef = 18CF26F01E80292C0097F88C /* ENTRENOdetalles.swift */; };
		3EC6066D4F1D3212CFA8EB53 /* Pods_RunTracker.framework in Frameworks */ = {isa = PBXBuildFile; fileRef = 4F0CB4D08FF3D300BAA21B36 /* Pods_RunTracker.framework */; };
/* End PBXBuildFile section */

/* Begin PBXFileReference section */
		040B402E2407C8A60025E719 /* Main.storyboard */ = {isa = PBXFileReference; fileEncoding = 4; lastKnownFileType = file.storyboard; name = Main.storyboard; path = ../Main.storyboard; sourceTree = "<group>"; };
		042B9F442458D5BE00359EFC /* User.swift */ = {isa = PBXFileReference; fileEncoding = 4; lastKnownFileType = sourcecode.swift; path = User.swift; sourceTree = "<group>"; };
		042B9F462458D9A500359EFC /* REGISTRATE.swift */ = {isa = PBXFileReference; fileEncoding = 4; lastKnownFileType = sourcecode.swift; path = REGISTRATE.swift; sourceTree = "<group>"; };
		04D5A4B1240527CA00B9B98E /* Utilities.swift */ = {isa = PBXFileReference; fileEncoding = 4; lastKnownFileType = sourcecode.swift; path = Utilities.swift; sourceTree = "<group>"; };
		04DB002C24040DD1008A17B9 /* INICIARSESION.swift */ = {isa = PBXFileReference; lastKnownFileType = sourcecode.swift; path = INICIARSESION.swift; sourceTree = "<group>"; };
		04DB002E24042B41008A17B9 /* HOME.swift */ = {isa = PBXFileReference; lastKnownFileType = sourcecode.swift; path = HOME.swift; sourceTree = "<group>"; };
		04DB003024043039008A17B9 /* GoogleService-Info.plist */ = {isa = PBXFileReference; lastKnownFileType = text.plist; path = "GoogleService-Info.plist"; sourceTree = SOURCE_ROOT; };
		04E4EE8E24091E7B00D0EBC2 /* PERFIL.swift */ = {isa = PBXFileReference; lastKnownFileType = sourcecode.swift; path = PERFIL.swift; sourceTree = "<group>"; };
		04E7273F240BC05400933764 /* HISTORIAL.swift */ = {isa = PBXFileReference; fileEncoding = 4; lastKnownFileType = sourcecode.swift; path = HISTORIAL.swift; sourceTree = "<group>"; };
		04E7274A240EFF9F00933764 /* AppDelegate.swift */ = {isa = PBXFileReference; fileEncoding = 4; lastKnownFileType = sourcecode.swift; path = AppDelegate.swift; sourceTree = "<group>"; };
		180924811EF33DE2007CF38F /* MulticolorPolyline.swift */ = {isa = PBXFileReference; lastKnownFileType = sourcecode.swift; path = MulticolorPolyline.swift; sourceTree = "<group>"; };
		18350CE71E882A860054E1C6 /* StoryboardSupport.swift */ = {isa = PBXFileReference; fileEncoding = 4; lastKnownFileType = sourcecode.swift; path = StoryboardSupport.swift; sourceTree = "<group>"; };
		187AF99C1EF2F78500C2B8E7 /* UnitExtensions.swift */ = {isa = PBXFileReference; lastKnownFileType = sourcecode.swift; path = UnitExtensions.swift; sourceTree = "<group>"; };
		187AF9A61EF2FC1200C2B8E7 /* FormatDisplay.swift */ = {isa = PBXFileReference; lastKnownFileType = sourcecode.swift; path = FormatDisplay.swift; sourceTree = "<group>"; };
		187AF9A81EF3170700C2B8E7 /* LocationManager.swift */ = {isa = PBXFileReference; lastKnownFileType = sourcecode.swift; path = LocationManager.swift; sourceTree = "<group>"; };
		18888DBF1E7F0FA80038A3AF /* RunTracker.app */ = {isa = PBXFileReference; explicitFileType = wrapper.application; includeInIndex = 0; path = RunTracker.app; sourceTree = BUILT_PRODUCTS_DIR; };
		18888DCA1E7F0FA80038A3AF /* MoonRunner.xcdatamodel */ = {isa = PBXFileReference; lastKnownFileType = wrapper.xcdatamodel; path = MoonRunner.xcdatamodel; sourceTree = "<group>"; };
		18888DCC1E7F0FA80038A3AF /* Assets.xcassets */ = {isa = PBXFileReference; lastKnownFileType = folder.assetcatalog; path = Assets.xcassets; sourceTree = "<group>"; };
		18888DCF1E7F0FA80038A3AF /* Base */ = {isa = PBXFileReference; lastKnownFileType = file.storyboard; name = Base; path = Base.lproj/LaunchScreen.storyboard; sourceTree = "<group>"; };
		18888DD11E7F0FA80038A3AF /* Info.plist */ = {isa = PBXFileReference; lastKnownFileType = text.plist.xml; path = Info.plist; sourceTree = "<group>"; };
		18888DD81E7F1D940038A3AF /* CoreDataStack.swift */ = {isa = PBXFileReference; fileEncoding = 4; lastKnownFileType = sourcecode.swift; path = CoreDataStack.swift; sourceTree = "<group>"; };
		18CF26EE1E80291E0097F88C /* ENTRENO.swift */ = {isa = PBXFileReference; fileEncoding = 4; lastKnownFileType = sourcecode.swift; path = ENTRENO.swift; sourceTree = "<group>"; };
		18CF26F01E80292C0097F88C /* ENTRENOdetalles.swift */ = {isa = PBXFileReference; fileEncoding = 4; lastKnownFileType = sourcecode.swift; path = ENTRENOdetalles.swift; sourceTree = "<group>"; };
		4F0CB4D08FF3D300BAA21B36 /* Pods_RunTracker.framework */ = {isa = PBXFileReference; explicitFileType = wrapper.framework; includeInIndex = 0; path = Pods_RunTracker.framework; sourceTree = BUILT_PRODUCTS_DIR; };
		9226800200F2EE1438B4B653 /* Pods-RunTracker.debug.xcconfig */ = {isa = PBXFileReference; includeInIndex = 1; lastKnownFileType = text.xcconfig; name = "Pods-RunTracker.debug.xcconfig"; path = "Target Support Files/Pods-RunTracker/Pods-RunTracker.debug.xcconfig"; sourceTree = "<group>"; };
		FDB66D5C1AB18918BB0A56BC /* Pods-RunTracker.release.xcconfig */ = {isa = PBXFileReference; includeInIndex = 1; lastKnownFileType = text.xcconfig; name = "Pods-RunTracker.release.xcconfig"; path = "Target Support Files/Pods-RunTracker/Pods-RunTracker.release.xcconfig"; sourceTree = "<group>"; };
/* End PBXFileReference section */

/* Begin PBXFrameworksBuildPhase section */
		18888DBC1E7F0FA80038A3AF /* Frameworks */ = {
			isa = PBXFrameworksBuildPhase;
			buildActionMask = 2147483647;
			files = (
				3EC6066D4F1D3212CFA8EB53 /* Pods_RunTracker.framework in Frameworks */,
			);
			runOnlyForDeploymentPostprocessing = 0;
		};
/* End PBXFrameworksBuildPhase section */

/* Begin PBXGroup section */
		18888DB61E7F0FA80038A3AF = {
			isa = PBXGroup;
			children = (
				18888DC11E7F0FA80038A3AF /* RunTracker */,
				18888DC01E7F0FA80038A3AF /* Products */,
				F3344CFE895652BC27E1012F /* Frameworks */,
				61A1BC93326FF0857339D613 /* Pods */,
			);
			indentWidth = 2;
			sourceTree = "<group>";
			tabWidth = 2;
		};
		18888DC01E7F0FA80038A3AF /* Products */ = {
			isa = PBXGroup;
			children = (
				18888DBF1E7F0FA80038A3AF /* RunTracker.app */,
			);
			name = Products;
			sourceTree = "<group>";
		};
		18888DC11E7F0FA80038A3AF /* RunTracker */ = {
			isa = PBXGroup;
			children = (
				04E7274A240EFF9F00933764 /* AppDelegate.swift */,
				18CF26E81E8021390097F88C /* Storyboards and Assets */,
				18CF26EB1E8028D40097F88C /* View Controllers */,
				18888DDB1E80200C0038A3AF /* CoreData */,
				18888DDA1E801FFB0038A3AF /* Support */,
			);
			path = RunTracker;
			sourceTree = "<group>";
		};
		18888DDA1E801FFB0038A3AF /* Support */ = {
			isa = PBXGroup;
			children = (
				04DB003024043039008A17B9 /* GoogleService-Info.plist */,
				18888DD11E7F0FA80038A3AF /* Info.plist */,
				18350CE71E882A860054E1C6 /* StoryboardSupport.swift */,
				187AF99C1EF2F78500C2B8E7 /* UnitExtensions.swift */,
				187AF9A61EF2FC1200C2B8E7 /* FormatDisplay.swift */,
				187AF9A81EF3170700C2B8E7 /* LocationManager.swift */,
				180924811EF33DE2007CF38F /* MulticolorPolyline.swift */,
			);
			name = Support;
			sourceTree = "<group>";
		};
		18888DDB1E80200C0038A3AF /* CoreData */ = {
			isa = PBXGroup;
			children = (
				18888DD81E7F1D940038A3AF /* CoreDataStack.swift */,
				18888DC91E7F0FA80038A3AF /* RunTracker.xcdatamodeld */,
			);
			path = CoreData;
			sourceTree = "<group>";
		};
		18CF26E81E8021390097F88C /* Storyboards and Assets */ = {
			isa = PBXGroup;
			children = (
				040B402E2407C8A60025E719 /* Main.storyboard */,
				18888DCC1E7F0FA80038A3AF /* Assets.xcassets */,
				18888DCE1E7F0FA80038A3AF /* LaunchScreen.storyboard */,
			);
			name = "Storyboards and Assets";
			sourceTree = "<group>";
		};
		18CF26EB1E8028D40097F88C /* View Controllers */ = {
			isa = PBXGroup;
			children = (
				04DB002E24042B41008A17B9 /* HOME.swift */,
				042B9F462458D9A500359EFC /* REGISTRATE.swift */,
				04DB002C24040DD1008A17B9 /* INICIARSESION.swift */,
				18CF26EE1E80291E0097F88C /* ENTRENO.swift */,
				18CF26F01E80292C0097F88C /* ENTRENOdetalles.swift */,
				04E4EE8E24091E7B00D0EBC2 /* PERFIL.swift */,
				04E7273F240BC05400933764 /* HISTORIAL.swift */,
				04D5A4B1240527CA00B9B98E /* Utilities.swift */,
				042B9F442458D5BE00359EFC /* User.swift */,
			);
			path = "View Controllers";
			sourceTree = "<group>";
		};
		61A1BC93326FF0857339D613 /* Pods */ = {
			isa = PBXGroup;
			children = (
				9226800200F2EE1438B4B653 /* Pods-RunTracker.debug.xcconfig */,
				FDB66D5C1AB18918BB0A56BC /* Pods-RunTracker.release.xcconfig */,
			);
			path = Pods;
			sourceTree = "<group>";
		};
		F3344CFE895652BC27E1012F /* Frameworks */ = {
			isa = PBXGroup;
			children = (
				4F0CB4D08FF3D300BAA21B36 /* Pods_RunTracker.framework */,
			);
			name = Frameworks;
			sourceTree = "<group>";
		};
/* End PBXGroup section */

/* Begin PBXNativeTarget section */
		18888DBE1E7F0FA80038A3AF /* RunTracker */ = {
			isa = PBXNativeTarget;
			buildConfigurationList = 18888DD41E7F0FA80038A3AF /* Build configuration list for PBXNativeTarget "RunTracker" */;
			buildPhases = (
				D8EC3E41145F529995571404 /* [CP] Check Pods Manifest.lock */,
				18888DBB1E7F0FA80038A3AF /* Sources */,
				18888DBC1E7F0FA80038A3AF /* Frameworks */,
				18888DBD1E7F0FA80038A3AF /* Resources */,
				E5D763F4996A3A847F481FD9 /* [CP] Embed Pods Frameworks */,
				122157888EBCDB92FE9A2583 /* [CP] Copy Pods Resources */,
			);
			buildRules = (
			);
			dependencies = (
			);
			name = RunTracker;
			productName = MoonRunner;
			productReference = 18888DBF1E7F0FA80038A3AF /* RunTracker.app */;
			productType = "com.apple.product-type.application";
		};
/* End PBXNativeTarget section */

/* Begin PBXProject section */
		18888DB71E7F0FA80038A3AF /* Project object */ = {
			isa = PBXProject;
			attributes = {
				LastSwiftUpdateCheck = 0820;
				LastUpgradeCheck = 1130;
				ORGANIZATIONNAME = "Richard Critz";
				TargetAttributes = {
					18888DBE1E7F0FA80038A3AF = {
						CreatedOnToolsVersion = 8.2.1;
						LastSwiftMigration = 1130;
						ProvisioningStyle = Automatic;
						SystemCapabilities = {
							com.apple.BackgroundModes = {
								enabled = 1;
							};
						};
					};
				};
			};
			buildConfigurationList = 18888DBA1E7F0FA80038A3AF /* Build configuration list for PBXProject "RunTracker" */;
			compatibilityVersion = "Xcode 3.2";
			developmentRegion = en;
			hasScannedForEncodings = 0;
			knownRegions = (
				en,
				Base,
			);
			mainGroup = 18888DB61E7F0FA80038A3AF;
			productRefGroup = 18888DC01E7F0FA80038A3AF /* Products */;
			projectDirPath = "";
			projectRoot = "";
			targets = (
				18888DBE1E7F0FA80038A3AF /* RunTracker */,
			);
		};
/* End PBXProject section */

/* Begin PBXResourcesBuildPhase section */
		18888DBD1E7F0FA80038A3AF /* Resources */ = {
			isa = PBXResourcesBuildPhase;
			buildActionMask = 2147483647;
			files = (
				18888DD01E7F0FA80038A3AF /* LaunchScreen.storyboard in Resources */,
				18888DCD1E7F0FA80038A3AF /* Assets.xcassets in Resources */,
				04DB003124043039008A17B9 /* GoogleService-Info.plist in Resources */,
				040B402F2407C8A60025E719 /* Main.storyboard in Resources */,
			);
			runOnlyForDeploymentPostprocessing = 0;
		};
/* End PBXResourcesBuildPhase section */

/* Begin PBXShellScriptBuildPhase section */
		122157888EBCDB92FE9A2583 /* [CP] Copy Pods Resources */ = {
			isa = PBXShellScriptBuildPhase;
			buildActionMask = 2147483647;
			files = (
			);
			inputPaths = (
				"${PODS_ROOT}/Target Support Files/Pods-RunTracker/Pods-RunTracker-resources.sh",
				"${PODS_CONFIGURATION_BUILD_DIR}/FirebaseUI/FirebaseAnonymousAuthUI.bundle",
				"${PODS_CONFIGURATION_BUILD_DIR}/FirebaseUI/FirebaseAuthUI.bundle",
				"${PODS_CONFIGURATION_BUILD_DIR}/FirebaseUI/FirebaseEmailAuthUI.bundle",
				"${PODS_CONFIGURATION_BUILD_DIR}/FirebaseUI/FirebaseFacebookAuthUI.bundle",
				"${PODS_CONFIGURATION_BUILD_DIR}/FirebaseUI/FirebaseGoogleAuthUI.bundle",
				"${PODS_CONFIGURATION_BUILD_DIR}/FirebaseUI/FirebaseOAuthUI.bundle",
				"${PODS_CONFIGURATION_BUILD_DIR}/FirebaseUI/FirebasePhoneAuthUI.bundle",
				"${PODS_ROOT}/GoogleSignIn/Resources/GoogleSignIn.bundle",
			);
			name = "[CP] Copy Pods Resources";
			outputPaths = (
				"${TARGET_BUILD_DIR}/${UNLOCALIZED_RESOURCES_FOLDER_PATH}/FirebaseAnonymousAuthUI.bundle",
				"${TARGET_BUILD_DIR}/${UNLOCALIZED_RESOURCES_FOLDER_PATH}/FirebaseAuthUI.bundle",
				"${TARGET_BUILD_DIR}/${UNLOCALIZED_RESOURCES_FOLDER_PATH}/FirebaseEmailAuthUI.bundle",
				"${TARGET_BUILD_DIR}/${UNLOCALIZED_RESOURCES_FOLDER_PATH}/FirebaseFacebookAuthUI.bundle",
				"${TARGET_BUILD_DIR}/${UNLOCALIZED_RESOURCES_FOLDER_PATH}/FirebaseGoogleAuthUI.bundle",
				"${TARGET_BUILD_DIR}/${UNLOCALIZED_RESOURCES_FOLDER_PATH}/FirebaseOAuthUI.bundle",
				"${TARGET_BUILD_DIR}/${UNLOCALIZED_RESOURCES_FOLDER_PATH}/FirebasePhoneAuthUI.bundle",
				"${TARGET_BUILD_DIR}/${UNLOCALIZED_RESOURCES_FOLDER_PATH}/GoogleSignIn.bundle",
			);
			runOnlyForDeploymentPostprocessing = 0;
			shellPath = /bin/sh;
			shellScript = "\"${PODS_ROOT}/Target Support Files/Pods-RunTracker/Pods-RunTracker-resources.sh\"\n";
			showEnvVarsInLog = 0;
		};
		D8EC3E41145F529995571404 /* [CP] Check Pods Manifest.lock */ = {
			isa = PBXShellScriptBuildPhase;
			buildActionMask = 2147483647;
			files = (
			);
			inputFileListPaths = (
			);
			inputPaths = (
				"${PODS_PODFILE_DIR_PATH}/Podfile.lock",
				"${PODS_ROOT}/Manifest.lock",
			);
			name = "[CP] Check Pods Manifest.lock";
			outputFileListPaths = (
			);
			outputPaths = (
				"$(DERIVED_FILE_DIR)/Pods-RunTracker-checkManifestLockResult.txt",
			);
			runOnlyForDeploymentPostprocessing = 0;
			shellPath = /bin/sh;
			shellScript = "diff \"${PODS_PODFILE_DIR_PATH}/Podfile.lock\" \"${PODS_ROOT}/Manifest.lock\" > /dev/null\nif [ $? != 0 ] ; then\n    # print error to STDERR\n    echo \"error: The sandbox is not in sync with the Podfile.lock. Run 'pod install' or update your CocoaPods installation.\" >&2\n    exit 1\nfi\n# This output is used by Xcode 'outputs' to avoid re-running this script phase.\necho \"SUCCESS\" > \"${SCRIPT_OUTPUT_FILE_0}\"\n";
			showEnvVarsInLog = 0;
		};
		E5D763F4996A3A847F481FD9 /* [CP] Embed Pods Frameworks */ = {
			isa = PBXShellScriptBuildPhase;
			buildActionMask = 2147483647;
			files = (
			);
			inputPaths = (
				"${PODS_ROOT}/Target Support Files/Pods-RunTracker/Pods-RunTracker-frameworks.sh",
				"${BUILT_PRODUCTS_DIR}/AppAuth/AppAuth.framework",
				"${BUILT_PRODUCTS_DIR}/BoringSSL-GRPC/openssl_grpc.framework",
				"${BUILT_PRODUCTS_DIR}/FBSDKCoreKit/FBSDKCoreKit.framework",
				"${BUILT_PRODUCTS_DIR}/FBSDKLoginKit/FBSDKLoginKit.framework",
				"${BUILT_PRODUCTS_DIR}/GTMAppAuth/GTMAppAuth.framework",
				"${BUILT_PRODUCTS_DIR}/GTMSessionFetcher/GTMSessionFetcher.framework",
				"${BUILT_PRODUCTS_DIR}/GoogleUtilities/GoogleUtilities.framework",
				"${BUILT_PRODUCTS_DIR}/PromisesObjC/FBLPromises.framework",
				"${BUILT_PRODUCTS_DIR}/SDWebImage/SDWebImage.framework",
				"${BUILT_PRODUCTS_DIR}/abseil/absl.framework",
				"${BUILT_PRODUCTS_DIR}/gRPC-C++/grpcpp.framework",
				"${BUILT_PRODUCTS_DIR}/gRPC-Core/grpc.framework",
				"${BUILT_PRODUCTS_DIR}/leveldb-library/leveldb.framework",
				"${BUILT_PRODUCTS_DIR}/nanopb/nanopb.framework",
			);
			name = "[CP] Embed Pods Frameworks";
			outputPaths = (
				"${TARGET_BUILD_DIR}/${FRAMEWORKS_FOLDER_PATH}/AppAuth.framework",
				"${TARGET_BUILD_DIR}/${FRAMEWORKS_FOLDER_PATH}/openssl_grpc.framework",
				"${TARGET_BUILD_DIR}/${FRAMEWORKS_FOLDER_PATH}/FBSDKCoreKit.framework",
				"${TARGET_BUILD_DIR}/${FRAMEWORKS_FOLDER_PATH}/FBSDKLoginKit.framework",
				"${TARGET_BUILD_DIR}/${FRAMEWORKS_FOLDER_PATH}/GTMAppAuth.framework",
				"${TARGET_BUILD_DIR}/${FRAMEWORKS_FOLDER_PATH}/GTMSessionFetcher.framework",
				"${TARGET_BUILD_DIR}/${FRAMEWORKS_FOLDER_PATH}/GoogleUtilities.framework",
				"${TARGET_BUILD_DIR}/${FRAMEWORKS_FOLDER_PATH}/FBLPromises.framework",
				"${TARGET_BUILD_DIR}/${FRAMEWORKS_FOLDER_PATH}/SDWebImage.framework",
				"${TARGET_BUILD_DIR}/${FRAMEWORKS_FOLDER_PATH}/absl.framework",
				"${TARGET_BUILD_DIR}/${FRAMEWORKS_FOLDER_PATH}/grpcpp.framework",
				"${TARGET_BUILD_DIR}/${FRAMEWORKS_FOLDER_PATH}/grpc.framework",
				"${TARGET_BUILD_DIR}/${FRAMEWORKS_FOLDER_PATH}/leveldb.framework",
				"${TARGET_BUILD_DIR}/${FRAMEWORKS_FOLDER_PATH}/nanopb.framework",
			);
			runOnlyForDeploymentPostprocessing = 0;
			shellPath = /bin/sh;
			shellScript = "\"${PODS_ROOT}/Target Support Files/Pods-RunTracker/Pods-RunTracker-frameworks.sh\"\n";
			showEnvVarsInLog = 0;
		};
/* End PBXShellScriptBuildPhase section */

/* Begin PBXSourcesBuildPhase section */
		18888DBB1E7F0FA80038A3AF /* Sources */ = {
			isa = PBXSourcesBuildPhase;
			buildActionMask = 2147483647;
			files = (
				18CF26EF1E80291E0097F88C /* ENTRENO.swift in Sources */,
				18888DD91E7F1D940038A3AF /* CoreDataStack.swift in Sources */,
				187AF9A91EF3170700C2B8E7 /* LocationManager.swift in Sources */,
				04E4EE8F24091E7B00D0EBC2 /* PERFIL.swift in Sources */,
				04D5A4B2240527CA00B9B98E /* Utilities.swift in Sources */,
				18888DCB1E7F0FA80038A3AF /* RunTracker.xcdatamodeld in Sources */,
				18CF26F11E80292C0097F88C /* ENTRENOdetalles.swift in Sources */,
				180924821EF33DE2007CF38F /* MulticolorPolyline.swift in Sources */,
				04DB002F24042B41008A17B9 /* HOME.swift in Sources */,
				187AF9A71EF2FC1200C2B8E7 /* FormatDisplay.swift in Sources */,
				04E7274B240EFFA000933764 /* AppDelegate.swift in Sources */,
				18350CE81E882A860054E1C6 /* StoryboardSupport.swift in Sources */,
				042B9F472458D9A500359EFC /* REGISTRATE.swift in Sources */,
				042B9F452458D5BE00359EFC /* User.swift in Sources */,
				04DB002D24040DD1008A17B9 /* INICIARSESION.swift in Sources */,
				04E72740240BC05400933764 /* HISTORIAL.swift in Sources */,
				187AF99D1EF2F78500C2B8E7 /* UnitExtensions.swift in Sources */,
			);
			runOnlyForDeploymentPostprocessing = 0;
		};
/* End PBXSourcesBuildPhase section */

/* Begin PBXVariantGroup section */
		18888DCE1E7F0FA80038A3AF /* LaunchScreen.storyboard */ = {
			isa = PBXVariantGroup;
			children = (
				18888DCF1E7F0FA80038A3AF /* Base */,
			);
			name = LaunchScreen.storyboard;
			sourceTree = "<group>";
		};
/* End PBXVariantGroup section */

/* Begin XCBuildConfiguration section */
		18888DD21E7F0FA80038A3AF /* Debug */ = {
			isa = XCBuildConfiguration;
			buildSettings = {
				ALWAYS_SEARCH_USER_PATHS = NO;
				CLANG_ANALYZER_LOCALIZABILITY_NONLOCALIZED = YES;
				CLANG_ANALYZER_NONNULL = YES;
				CLANG_CXX_LANGUAGE_STANDARD = "gnu++0x";
				CLANG_CXX_LIBRARY = "libc++";
				CLANG_ENABLE_MODULES = YES;
				CLANG_ENABLE_OBJC_ARC = YES;
				CLANG_WARN_BLOCK_CAPTURE_AUTORELEASING = YES;
				CLANG_WARN_BOOL_CONVERSION = YES;
				CLANG_WARN_COMMA = YES;
				CLANG_WARN_CONSTANT_CONVERSION = YES;
				CLANG_WARN_DEPRECATED_OBJC_IMPLEMENTATIONS = YES;
				CLANG_WARN_DIRECT_OBJC_ISA_USAGE = YES_ERROR;
				CLANG_WARN_DOCUMENTATION_COMMENTS = YES;
				CLANG_WARN_EMPTY_BODY = YES;
				CLANG_WARN_ENUM_CONVERSION = YES;
				CLANG_WARN_INFINITE_RECURSION = YES;
				CLANG_WARN_INT_CONVERSION = YES;
				CLANG_WARN_NON_LITERAL_NULL_CONVERSION = YES;
				CLANG_WARN_OBJC_IMPLICIT_RETAIN_SELF = YES;
				CLANG_WARN_OBJC_LITERAL_CONVERSION = YES;
				CLANG_WARN_OBJC_ROOT_CLASS = YES_ERROR;
				CLANG_WARN_RANGE_LOOP_ANALYSIS = YES;
				CLANG_WARN_STRICT_PROTOTYPES = YES;
				CLANG_WARN_SUSPICIOUS_MOVE = YES;
				CLANG_WARN_UNREACHABLE_CODE = YES;
				CLANG_WARN__DUPLICATE_METHOD_MATCH = YES;
				"CODE_SIGN_IDENTITY[sdk=iphoneos*]" = "iPhone Developer";
				COPY_PHASE_STRIP = NO;
				DEBUG_INFORMATION_FORMAT = dwarf;
				ENABLE_STRICT_OBJC_MSGSEND = YES;
				ENABLE_TESTABILITY = YES;
				GCC_C_LANGUAGE_STANDARD = gnu99;
				GCC_DYNAMIC_NO_PIC = NO;
				GCC_NO_COMMON_BLOCKS = YES;
				GCC_OPTIMIZATION_LEVEL = 0;
				GCC_PREPROCESSOR_DEFINITIONS = (
					"DEBUG=1",
					"$(inherited)",
				);
				GCC_WARN_64_TO_32_BIT_CONVERSION = YES;
				GCC_WARN_ABOUT_RETURN_TYPE = YES_ERROR;
				GCC_WARN_UNDECLARED_SELECTOR = YES;
				GCC_WARN_UNINITIALIZED_AUTOS = YES_AGGRESSIVE;
				GCC_WARN_UNUSED_FUNCTION = YES;
				GCC_WARN_UNUSED_VARIABLE = YES;
				IPHONEOS_DEPLOYMENT_TARGET = 10.3;
				MTL_ENABLE_DEBUG_INFO = YES;
				ONLY_ACTIVE_ARCH = YES;
				SDKROOT = iphoneos;
				SWIFT_ACTIVE_COMPILATION_CONDITIONS = DEBUG;
				SWIFT_OPTIMIZATION_LEVEL = "-Onone";
			};
			name = Debug;
		};
		18888DD31E7F0FA80038A3AF /* Release */ = {
			isa = XCBuildConfiguration;
			buildSettings = {
				ALWAYS_SEARCH_USER_PATHS = NO;
				CLANG_ANALYZER_LOCALIZABILITY_NONLOCALIZED = YES;
				CLANG_ANALYZER_NONNULL = YES;
				CLANG_CXX_LANGUAGE_STANDARD = "gnu++0x";
				CLANG_CXX_LIBRARY = "libc++";
				CLANG_ENABLE_MODULES = YES;
				CLANG_ENABLE_OBJC_ARC = YES;
				CLANG_WARN_BLOCK_CAPTURE_AUTORELEASING = YES;
				CLANG_WARN_BOOL_CONVERSION = YES;
				CLANG_WARN_COMMA = YES;
				CLANG_WARN_CONSTANT_CONVERSION = YES;
				CLANG_WARN_DEPRECATED_OBJC_IMPLEMENTATIONS = YES;
				CLANG_WARN_DIRECT_OBJC_ISA_USAGE = YES_ERROR;
				CLANG_WARN_DOCUMENTATION_COMMENTS = YES;
				CLANG_WARN_EMPTY_BODY = YES;
				CLANG_WARN_ENUM_CONVERSION = YES;
				CLANG_WARN_INFINITE_RECURSION = YES;
				CLANG_WARN_INT_CONVERSION = YES;
				CLANG_WARN_NON_LITERAL_NULL_CONVERSION = YES;
				CLANG_WARN_OBJC_IMPLICIT_RETAIN_SELF = YES;
				CLANG_WARN_OBJC_LITERAL_CONVERSION = YES;
				CLANG_WARN_OBJC_ROOT_CLASS = YES_ERROR;
				CLANG_WARN_RANGE_LOOP_ANALYSIS = YES;
				CLANG_WARN_STRICT_PROTOTYPES = YES;
				CLANG_WARN_SUSPICIOUS_MOVE = YES;
				CLANG_WARN_UNREACHABLE_CODE = YES;
				CLANG_WARN__DUPLICATE_METHOD_MATCH = YES;
				"CODE_SIGN_IDENTITY[sdk=iphoneos*]" = "iPhone Developer";
				COPY_PHASE_STRIP = NO;
				DEBUG_INFORMATION_FORMAT = "dwarf-with-dsym";
				ENABLE_NS_ASSERTIONS = NO;
				ENABLE_STRICT_OBJC_MSGSEND = YES;
				GCC_C_LANGUAGE_STANDARD = gnu99;
				GCC_NO_COMMON_BLOCKS = YES;
				GCC_WARN_64_TO_32_BIT_CONVERSION = YES;
				GCC_WARN_ABOUT_RETURN_TYPE = YES_ERROR;
				GCC_WARN_UNDECLARED_SELECTOR = YES;
				GCC_WARN_UNINITIALIZED_AUTOS = YES_AGGRESSIVE;
				GCC_WARN_UNUSED_FUNCTION = YES;
				GCC_WARN_UNUSED_VARIABLE = YES;
				IPHONEOS_DEPLOYMENT_TARGET = 10.3;
				MTL_ENABLE_DEBUG_INFO = NO;
				SDKROOT = iphoneos;
				SWIFT_OPTIMIZATION_LEVEL = "-Owholemodule";
				VALIDATE_PRODUCT = YES;
			};
			name = Release;
		};
		18888DD51E7F0FA80038A3AF /* Debug */ = {
			isa = XCBuildConfiguration;
			baseConfigurationReference = 9226800200F2EE1438B4B653 /* Pods-RunTracker.debug.xcconfig */;
			buildSettings = {
				ASSETCATALOG_COMPILER_APPICON_NAME = AppIcon;
				DEVELOPMENT_TEAM = "";
				INFOPLIST_FILE = "$(SRCROOT)/RunTracker/Info.plist";
				IPHONEOS_DEPLOYMENT_TARGET = 11.0;
				LD_RUNPATH_SEARCH_PATHS = "$(inherited) @executable_path/Frameworks";
				PRODUCT_BUNDLE_IDENTIFIER = com.hamza.RunTracker;
				PRODUCT_NAME = RunTracker;
				SWIFT_SWIFT3_OBJC_INFERENCE = Off;
				SWIFT_VERSION = 5.0;
			};
			name = Debug;
		};
		18888DD61E7F0FA80038A3AF /* Release */ = {
			isa = XCBuildConfiguration;
			baseConfigurationReference = FDB66D5C1AB18918BB0A56BC /* Pods-RunTracker.release.xcconfig */;
			buildSettings = {
				ASSETCATALOG_COMPILER_APPICON_NAME = AppIcon;
				DEVELOPMENT_TEAM = "";
				INFOPLIST_FILE = "$(SRCROOT)/RunTracker/Info.plist";
				IPHONEOS_DEPLOYMENT_TARGET = 11.0;
				LD_RUNPATH_SEARCH_PATHS = "$(inherited) @executable_path/Frameworks";
				PRODUCT_BUNDLE_IDENTIFIER = com.hamza.RunTracker;
				PRODUCT_NAME = RunTracker;
				SWIFT_SWIFT3_OBJC_INFERENCE = Off;
				SWIFT_VERSION = 5.0;
			};
			name = Release;
		};
/* End XCBuildConfiguration section */

/* Begin XCConfigurationList section */
		18888DBA1E7F0FA80038A3AF /* Build configuration list for PBXProject "RunTracker" */ = {
			isa = XCConfigurationList;
			buildConfigurations = (
				18888DD21E7F0FA80038A3AF /* Debug */,
				18888DD31E7F0FA80038A3AF /* Release */,
			);
			defaultConfigurationIsVisible = 0;
			defaultConfigurationName = Release;
		};
		18888DD41E7F0FA80038A3AF /* Build configuration list for PBXNativeTarget "RunTracker" */ = {
			isa = XCConfigurationList;
			buildConfigurations = (
				18888DD51E7F0FA80038A3AF /* Debug */,
				18888DD61E7F0FA80038A3AF /* Release */,
			);
			defaultConfigurationIsVisible = 0;
			defaultConfigurationName = Release;
		};
/* End XCConfigurationList section */

/* Begin XCVersionGroup section */
		18888DC91E7F0FA80038A3AF /* RunTracker.xcdatamodeld */ = {
			isa = XCVersionGroup;
			children = (
				18888DCA1E7F0FA80038A3AF /* MoonRunner.xcdatamodel */,
			);
			currentVersion = 18888DCA1E7F0FA80038A3AF /* MoonRunner.xcdatamodel */;
			path = RunTracker.xcdatamodeld;
			sourceTree = "<group>";
			versionGroupType = wrapper.xcdatamodel;
		};
/* End XCVersionGroup section */
	};
	rootObject = 18888DB71E7F0FA80038A3AF /* Project object */;
}
